
Microsoft Visual Studio Solution File, Format Version 12.00
# Visual Studio 2013
VisualStudioVersion = 12.0.21005.1
MinimumVisualStudioVersion = 10.0.40219.1
Project("{FAE04EC0-301F-11D3-BF4B-00C04F79EFBC}") = "Blog", "Blog\Blog.csproj", "{8C52B938-5AA5-4202-9E3A-BE70453E78E9}"
EndProject
Project("{FAE04EC0-301F-11D3-BF4B-00C04F79EFBC}") = "Data_layer", "Data_layer\Data_layer.csproj", "{68A025A6-DE88-415B-A36F-0844C21CDBE5}"
EndProject
Project("{FAE04EC0-301F-11D3-BF4B-00C04F79EFBC}") = "Models", "Models\Models.csproj", "{6D1BC1F4-11E7-49FA-AC49-62EAEB659E62}"
EndProject
Global
	GlobalSection(SolutionConfigurationPlatforms) = preSolution
		Debug|Any CPU = Debug|Any CPU
		Release|Any CPU = Release|Any CPU
	EndGlobalSection
	GlobalSection(ProjectConfigurationPlatforms) = postSolution
		{8C52B938-5AA5-4202-9E3A-BE70453E78E9}.Debug|Any CPU.ActiveCfg = Debug|Any CPU
		{8C52B938-5AA5-4202-9E3A-BE70453E78E9}.Debug|Any CPU.Build.0 = Debug|Any CPU
		{8C52B938-5AA5-4202-9E3A-BE70453E78E9}.Release|Any CPU.ActiveCfg = Release|Any CPU
		{8C52B938-5AA5-4202-9E3A-BE70453E78E9}.Release|Any CPU.Build.0 = Release|Any CPU
		{68A025A6-DE88-415B-A36F-0844C21CDBE5}.Debug|Any CPU.ActiveCfg = Debug|Any CPU
		{68A025A6-DE88-415B-A36F-0844C21CDBE5}.Debug|Any CPU.Build.0 = Debug|Any CPU
		{68A025A6-DE88-415B-A36F-0844C21CDBE5}.Release|Any CPU.ActiveCfg = Release|Any CPU
		{68A025A6-DE88-415B-A36F-0844C21CDBE5}.Release|Any CPU.Build.0 = Release|Any CPU
		{6D1BC1F4-11E7-49FA-AC49-62EAEB659E62}.Debug|Any CPU.ActiveCfg = Debug|Any CPU
		{6D1BC1F4-11E7-49FA-AC49-62EAEB659E62}.Debug|Any CPU.Build.0 = Debug|Any CPU
		{6D1BC1F4-11E7-49FA-AC49-62EAEB659E62}.Release|Any CPU.ActiveCfg = Release|Any CPU
		{6D1BC1F4-11E7-49FA-AC49-62EAEB659E62}.Release|Any CPU.Build.0 = Release|Any CPU
	EndGlobalSection
	GlobalSection(SolutionProperties) = preSolution
		HideSolutionNode = FALSE
	EndGlobalSection
EndGlobal
